// !$*UTF8*$!
{
	archiveVersion = 1;
	classes = {
	};
	objectVersion = 46;
	objects = {

/* Begin PBXBuildFile section */
		C63D28DD1E05C043005E325B /* FlickrTableViewController.swift in Sources */ = {isa = PBXBuildFile; fileRef = C63D28DC1E05C043005E325B /* FlickrTableViewController.swift */; };
		C63D28DF1E05C61A005E325B /* FlickrDataProvider.swift in Sources */ = {isa = PBXBuildFile; fileRef = C63D28DE1E05C61A005E325B /* FlickrDataProvider.swift */; };
		C63D28E11E05C652005E325B /* FlickrPhoto.swift in Sources */ = {isa = PBXBuildFile; fileRef = C63D28E01E05C652005E325B /* FlickrPhoto.swift */; };
		C63D28E31E05CF91005E325B /* FlickrDetailsViewController.swift in Sources */ = {isa = PBXBuildFile; fileRef = C63D28E21E05CF91005E325B /* FlickrDetailsViewController.swift */; };
		C63D28E51E05FC9F005E325B /* FlickrTableViewCell.swift in Sources */ = {isa = PBXBuildFile; fileRef = C63D28E41E05FC9F005E325B /* FlickrTableViewCell.swift */; };
		C64DB4C01E1422FE00931B17 /* FlickrDataProviderTests.swift in Sources */ = {isa = PBXBuildFile; fileRef = C64DB4BF1E1422FE00931B17 /* FlickrDataProviderTests.swift */; };
		C64E5ACB1E06B70200032966 /* FlickrPhotoTests.swift in Sources */ = {isa = PBXBuildFile; fileRef = C64E5ACA1E06B70200032966 /* FlickrPhotoTests.swift */; };
		C69687C41E05B9ED009D26E0 /* AppDelegate.swift in Sources */ = {isa = PBXBuildFile; fileRef = C69687C31E05B9ED009D26E0 /* AppDelegate.swift */; };
		C69687C91E05B9ED009D26E0 /* Main.storyboard in Resources */ = {isa = PBXBuildFile; fileRef = C69687C71E05B9ED009D26E0 /* Main.storyboard */; };
		C69687CB1E05B9ED009D26E0 /* Assets.xcassets in Resources */ = {isa = PBXBuildFile; fileRef = C69687CA1E05B9ED009D26E0 /* Assets.xcassets */; };
		C69687CE1E05B9ED009D26E0 /* LaunchScreen.storyboard in Resources */ = {isa = PBXBuildFile; fileRef = C69687CC1E05B9ED009D26E0 /* LaunchScreen.storyboard */; };
		C69687D91E05B9ED009D26E0 /* MyFlickrSearchAppTests.swift in Sources */ = {isa = PBXBuildFile; fileRef = C69687D81E05B9ED009D26E0 /* MyFlickrSearchAppTests.swift */; };
		C6B4B8CC1E1292CE00EB3B53 /* FlickrApiKeys.swift in Sources */ = {isa = PBXBuildFile; fileRef = C6B4B8CB1E1292CE00EB3B53 /* FlickrApiKeys.swift */; };
		C6E418101E1583A8007591F4 /* MyFlickrSearchAppUITests.swift in Sources */ = {isa = PBXBuildFile; fileRef = C6E4180F1E1583A8007591F4 /* MyFlickrSearchAppUITests.swift */; };
/* End PBXBuildFile section */

/* Begin PBXContainerItemProxy section */
		C69687D51E05B9ED009D26E0 /* PBXContainerItemProxy */ = {
			isa = PBXContainerItemProxy;
			containerPortal = C69687B81E05B9ED009D26E0 /* Project object */;
			proxyType = 1;
			remoteGlobalIDString = C69687BF1E05B9ED009D26E0;
			remoteInfo = MyFlickrSearchApp;
		};
		C6E418121E1583A8007591F4 /* PBXContainerItemProxy */ = {
			isa = PBXContainerItemProxy;
			containerPortal = C69687B81E05B9ED009D26E0 /* Project object */;
			proxyType = 1;
			remoteGlobalIDString = C69687BF1E05B9ED009D26E0;
			remoteInfo = MyFlickrSearchApp;
		};
/* End PBXContainerItemProxy section */

/* Begin PBXFileReference section */
		C63D28DC1E05C043005E325B /* FlickrTableViewController.swift */ = {isa = PBXFileReference; fileEncoding = 4; lastKnownFileType = sourcecode.swift; path = FlickrTableViewController.swift; sourceTree = "<group>"; };
		C63D28DE1E05C61A005E325B /* FlickrDataProvider.swift */ = {isa = PBXFileReference; fileEncoding = 4; lastKnownFileType = sourcecode.swift; path = FlickrDataProvider.swift; sourceTree = "<group>"; };
		C63D28E01E05C652005E325B /* FlickrPhoto.swift */ = {isa = PBXFileReference; fileEncoding = 4; lastKnownFileType = sourcecode.swift; path = FlickrPhoto.swift; sourceTree = "<group>"; };
		C63D28E21E05CF91005E325B /* FlickrDetailsViewController.swift */ = {isa = PBXFileReference; fileEncoding = 4; lastKnownFileType = sourcecode.swift; path = FlickrDetailsViewController.swift; sourceTree = "<group>"; };
		C63D28E41E05FC9F005E325B /* FlickrTableViewCell.swift */ = {isa = PBXFileReference; fileEncoding = 4; lastKnownFileType = sourcecode.swift; path = FlickrTableViewCell.swift; sourceTree = "<group>"; };
		C64DB4BF1E1422FE00931B17 /* FlickrDataProviderTests.swift */ = {isa = PBXFileReference; fileEncoding = 4; lastKnownFileType = sourcecode.swift; path = FlickrDataProviderTests.swift; sourceTree = "<group>"; };
		C64E5ACA1E06B70200032966 /* FlickrPhotoTests.swift */ = {isa = PBXFileReference; fileEncoding = 4; lastKnownFileType = sourcecode.swift; path = FlickrPhotoTests.swift; sourceTree = "<group>"; };
		C69687C01E05B9ED009D26E0 /* MyFlickrSearchApp.app */ = {isa = PBXFileReference; explicitFileType = wrapper.application; includeInIndex = 0; path = MyFlickrSearchApp.app; sourceTree = BUILT_PRODUCTS_DIR; };
		C69687C31E05B9ED009D26E0 /* AppDelegate.swift */ = {isa = PBXFileReference; lastKnownFileType = sourcecode.swift; path = AppDelegate.swift; sourceTree = "<group>"; };
		C69687C81E05B9ED009D26E0 /* Base */ = {isa = PBXFileReference; lastKnownFileType = file.storyboard; name = Base; path = Base.lproj/Main.storyboard; sourceTree = "<group>"; };
		C69687CA1E05B9ED009D26E0 /* Assets.xcassets */ = {isa = PBXFileReference; lastKnownFileType = folder.assetcatalog; path = Assets.xcassets; sourceTree = "<group>"; };
		C69687CD1E05B9ED009D26E0 /* Base */ = {isa = PBXFileReference; lastKnownFileType = file.storyboard; name = Base; path = Base.lproj/LaunchScreen.storyboard; sourceTree = "<group>"; };
		C69687CF1E05B9ED009D26E0 /* Info.plist */ = {isa = PBXFileReference; lastKnownFileType = text.plist.xml; path = Info.plist; sourceTree = "<group>"; };
		C69687D41E05B9ED009D26E0 /* MyFlickrSearchAppTests.xctest */ = {isa = PBXFileReference; explicitFileType = wrapper.cfbundle; includeInIndex = 0; path = MyFlickrSearchAppTests.xctest; sourceTree = BUILT_PRODUCTS_DIR; };
		C69687D81E05B9ED009D26E0 /* MyFlickrSearchAppTests.swift */ = {isa = PBXFileReference; lastKnownFileType = sourcecode.swift; path = MyFlickrSearchAppTests.swift; sourceTree = "<group>"; };
		C69687DA1E05B9ED009D26E0 /* Info.plist */ = {isa = PBXFileReference; lastKnownFileType = text.plist.xml; path = Info.plist; sourceTree = "<group>"; };
		C6B4B8CB1E1292CE00EB3B53 /* FlickrApiKeys.swift */ = {isa = PBXFileReference; fileEncoding = 4; lastKnownFileType = sourcecode.swift; path = FlickrApiKeys.swift; sourceTree = "<group>"; };
		C6E4180D1E1583A8007591F4 /* MyFlickrSearchAppUITests.xctest */ = {isa = PBXFileReference; explicitFileType = wrapper.cfbundle; includeInIndex = 0; path = MyFlickrSearchAppUITests.xctest; sourceTree = BUILT_PRODUCTS_DIR; };
		C6E4180F1E1583A8007591F4 /* MyFlickrSearchAppUITests.swift */ = {isa = PBXFileReference; lastKnownFileType = sourcecode.swift; path = MyFlickrSearchAppUITests.swift; sourceTree = "<group>"; };
		C6E418111E1583A8007591F4 /* Info.plist */ = {isa = PBXFileReference; lastKnownFileType = text.plist.xml; path = Info.plist; sourceTree = "<group>"; };
/* End PBXFileReference section */

/* Begin PBXFrameworksBuildPhase section */
		C69687BD1E05B9ED009D26E0 /* Frameworks */ = {
			isa = PBXFrameworksBuildPhase;
			buildActionMask = 2147483647;
			files = (
			);
			runOnlyForDeploymentPostprocessing = 0;
		};
		C69687D11E05B9ED009D26E0 /* Frameworks */ = {
			isa = PBXFrameworksBuildPhase;
			buildActionMask = 2147483647;
			files = (
			);
			runOnlyForDeploymentPostprocessing = 0;
		};
		C6E4180A1E1583A8007591F4 /* Frameworks */ = {
			isa = PBXFrameworksBuildPhase;
			buildActionMask = 2147483647;
			files = (
			);
			runOnlyForDeploymentPostprocessing = 0;
		};
/* End PBXFrameworksBuildPhase section */

/* Begin PBXGroup section */
		C63D28DB1E05BE24005E325B /* Supporting Files */ = {
			isa = PBXGroup;
			children = (
				C69687C31E05B9ED009D26E0 /* AppDelegate.swift */,
				C69687CA1E05B9ED009D26E0 /* Assets.xcassets */,
				C69687CC1E05B9ED009D26E0 /* LaunchScreen.storyboard */,
				C69687CF1E05B9ED009D26E0 /* Info.plist */,
			);
			name = "Supporting Files";
			sourceTree = "<group>";
		};
		C69687B71E05B9ED009D26E0 = {
			isa = PBXGroup;
			children = (
				C69687C21E05B9ED009D26E0 /* MyFlickrSearchApp */,
				C69687D71E05B9ED009D26E0 /* MyFlickrSearchAppTests */,
				C6E4180E1E1583A8007591F4 /* MyFlickrSearchAppUITests */,
				C69687C11E05B9ED009D26E0 /* Products */,
			);
			sourceTree = "<group>";
		};
		C69687C11E05B9ED009D26E0 /* Products */ = {
			isa = PBXGroup;
			children = (
				C69687C01E05B9ED009D26E0 /* MyFlickrSearchApp.app */,
				C69687D41E05B9ED009D26E0 /* MyFlickrSearchAppTests.xctest */,
				C6E4180D1E1583A8007591F4 /* MyFlickrSearchAppUITests.xctest */,
			);
			name = Products;
			sourceTree = "<group>";
		};
		C69687C21E05B9ED009D26E0 /* MyFlickrSearchApp */ = {
			isa = PBXGroup;
			children = (
				C69687C71E05B9ED009D26E0 /* Main.storyboard */,
				C6B4B8CB1E1292CE00EB3B53 /* FlickrApiKeys.swift */,
				C63D28E21E05CF91005E325B /* FlickrDetailsViewController.swift */,
				C63D28DE1E05C61A005E325B /* FlickrDataProvider.swift */,
				C63D28E01E05C652005E325B /* FlickrPhoto.swift */,
				C63D28DC1E05C043005E325B /* FlickrTableViewController.swift */,
				C63D28E41E05FC9F005E325B /* FlickrTableViewCell.swift */,
				C63D28DB1E05BE24005E325B /* Supporting Files */,
			);
			path = MyFlickrSearchApp;
			sourceTree = "<group>";
		};
		C69687D71E05B9ED009D26E0 /* MyFlickrSearchAppTests */ = {
			isa = PBXGroup;
			children = (
				C69687D81E05B9ED009D26E0 /* MyFlickrSearchAppTests.swift */,
				C69687DA1E05B9ED009D26E0 /* Info.plist */,
				C64E5ACA1E06B70200032966 /* FlickrPhotoTests.swift */,
				C64DB4BF1E1422FE00931B17 /* FlickrDataProviderTests.swift */,
			);
			path = MyFlickrSearchAppTests;
			sourceTree = "<group>";
		};
		C6E4180E1E1583A8007591F4 /* MyFlickrSearchAppUITests */ = {
			isa = PBXGroup;
			children = (
				C6E4180F1E1583A8007591F4 /* MyFlickrSearchAppUITests.swift */,
				C6E418111E1583A8007591F4 /* Info.plist */,
			);
			path = MyFlickrSearchAppUITests;
			sourceTree = "<group>";
		};
/* End PBXGroup section */

/* Begin PBXNativeTarget section */
		C69687BF1E05B9ED009D26E0 /* MyFlickrSearchApp */ = {
			isa = PBXNativeTarget;
			buildConfigurationList = C69687DD1E05B9ED009D26E0 /* Build configuration list for PBXNativeTarget "MyFlickrSearchApp" */;
			buildPhases = (
				C69687BC1E05B9ED009D26E0 /* Sources */,
				C69687BD1E05B9ED009D26E0 /* Frameworks */,
				C69687BE1E05B9ED009D26E0 /* Resources */,
			);
			buildRules = (
			);
			dependencies = (
			);
			name = MyFlickrSearchApp;
			productName = MyFlickrSearchApp;
			productReference = C69687C01E05B9ED009D26E0 /* MyFlickrSearchApp.app */;
			productType = "com.apple.product-type.application";
		};
		C69687D31E05B9ED009D26E0 /* MyFlickrSearchAppTests */ = {
			isa = PBXNativeTarget;
			buildConfigurationList = C69687E01E05B9ED009D26E0 /* Build configuration list for PBXNativeTarget "MyFlickrSearchAppTests" */;
			buildPhases = (
				C69687D01E05B9ED009D26E0 /* Sources */,
				C69687D11E05B9ED009D26E0 /* Frameworks */,
				C69687D21E05B9ED009D26E0 /* Resources */,
			);
			buildRules = (
			);
			dependencies = (
				C69687D61E05B9ED009D26E0 /* PBXTargetDependency */,
			);
			name = MyFlickrSearchAppTests;
			productName = MyFlickrSearchAppTests;
			productReference = C69687D41E05B9ED009D26E0 /* MyFlickrSearchAppTests.xctest */;
			productType = "com.apple.product-type.bundle.unit-test";
		};
		C6E4180C1E1583A8007591F4 /* MyFlickrSearchAppUITests */ = {
			isa = PBXNativeTarget;
			buildConfigurationList = C6E418141E1583A8007591F4 /* Build configuration list for PBXNativeTarget "MyFlickrSearchAppUITests" */;
			buildPhases = (
				C6E418091E1583A8007591F4 /* Sources */,
				C6E4180A1E1583A8007591F4 /* Frameworks */,
				C6E4180B1E1583A8007591F4 /* Resources */,
			);
			buildRules = (
			);
			dependencies = (
				C6E418131E1583A8007591F4 /* PBXTargetDependency */,
			);
			name = MyFlickrSearchAppUITests;
			productName = MyFlickrSearchAppUITests;
			productReference = C6E4180D1E1583A8007591F4 /* MyFlickrSearchAppUITests.xctest */;
			productType = "com.apple.product-type.bundle.ui-testing";
		};
/* End PBXNativeTarget section */

/* Begin PBXProject section */
		C69687B81E05B9ED009D26E0 /* Project object */ = {
			isa = PBXProject;
			attributes = {
				LastSwiftUpdateCheck = 0820;
				LastUpgradeCheck = 0820;
				ORGANIZATIONNAME = "Peter Vanhoef";
				TargetAttributes = {
					C69687BF1E05B9ED009D26E0 = {
						CreatedOnToolsVersion = 8.1;
						DevelopmentTeam = 29TU8747Z4;
						ProvisioningStyle = Automatic;
					};
					C69687D31E05B9ED009D26E0 = {
						CreatedOnToolsVersion = 8.1;
						DevelopmentTeam = 29TU8747Z4;
						ProvisioningStyle = Automatic;
						TestTargetID = C69687BF1E05B9ED009D26E0;
					};
					C6E4180C1E1583A8007591F4 = {
						CreatedOnToolsVersion = 8.2.1;
						DevelopmentTeam = 29TU8747Z4;
						ProvisioningStyle = Automatic;
						TestTargetID = C69687BF1E05B9ED009D26E0;
					};
				};
			};
			buildConfigurationList = C69687BB1E05B9ED009D26E0 /* Build configuration list for PBXProject "MyFlickrSearchApp" */;
			compatibilityVersion = "Xcode 3.2";
			developmentRegion = English;
			hasScannedForEncodings = 0;
			knownRegions = (
				en,
				Base,
			);
			mainGroup = C69687B71E05B9ED009D26E0;
			productRefGroup = C69687C11E05B9ED009D26E0 /* Products */;
			projectDirPath = "";
			projectRoot = "";
			targets = (
				C69687BF1E05B9ED009D26E0 /* MyFlickrSearchApp */,
				C69687D31E05B9ED009D26E0 /* MyFlickrSearchAppTests */,
				C6E4180C1E1583A8007591F4 /* MyFlickrSearchAppUITests */,
			);
		};
/* End PBXProject section */

/* Begin PBXResourcesBuildPhase section */
		C69687BE1E05B9ED009D26E0 /* Resources */ = {
			isa = PBXResourcesBuildPhase;
			buildActionMask = 2147483647;
			files = (
				C69687CE1E05B9ED009D26E0 /* LaunchScreen.storyboard in Resources */,
				C69687CB1E05B9ED009D26E0 /* Assets.xcassets in Resources */,
				C69687C91E05B9ED009D26E0 /* Main.storyboard in Resources */,
			);
			runOnlyForDeploymentPostprocessing = 0;
		};
		C69687D21E05B9ED009D26E0 /* Resources */ = {
			isa = PBXResourcesBuildPhase;
			buildActionMask = 2147483647;
			files = (
			);
			runOnlyForDeploymentPostprocessing = 0;
		};
		C6E4180B1E1583A8007591F4 /* Resources */ = {
			isa = PBXResourcesBuildPhase;
			buildActionMask = 2147483647;
			files = (
			);
			runOnlyForDeploymentPostprocessing = 0;
		};
/* End PBXResourcesBuildPhase section */

/* Begin PBXSourcesBuildPhase section */
		C69687BC1E05B9ED009D26E0 /* Sources */ = {
			isa = PBXSourcesBuildPhase;
			buildActionMask = 2147483647;
			files = (
				C63D28E51E05FC9F005E325B /* FlickrTableViewCell.swift in Sources */,
				C63D28E31E05CF91005E325B /* FlickrDetailsViewController.swift in Sources */,
				C63D28DD1E05C043005E325B /* FlickrTableViewController.swift in Sources */,
				C6B4B8CC1E1292CE00EB3B53 /* FlickrApiKeys.swift in Sources */,
				C63D28E11E05C652005E325B /* FlickrPhoto.swift in Sources */,
				C69687C41E05B9ED009D26E0 /* AppDelegate.swift in Sources */,
				C63D28DF1E05C61A005E325B /* FlickrDataProvider.swift in Sources */,
			);
			runOnlyForDeploymentPostprocessing = 0;
		};
		C69687D01E05B9ED009D26E0 /* Sources */ = {
			isa = PBXSourcesBuildPhase;
			buildActionMask = 2147483647;
			files = (
				C69687D91E05B9ED009D26E0 /* MyFlickrSearchAppTests.swift in Sources */,
				C64E5ACB1E06B70200032966 /* FlickrPhotoTests.swift in Sources */,
				C64DB4C01E1422FE00931B17 /* FlickrDataProviderTests.swift in Sources */,
			);
			runOnlyForDeploymentPostprocessing = 0;
		};
		C6E418091E1583A8007591F4 /* Sources */ = {
			isa = PBXSourcesBuildPhase;
			buildActionMask = 2147483647;
			files = (
				C6E418101E1583A8007591F4 /* MyFlickrSearchAppUITests.swift in Sources */,
			);
			runOnlyForDeploymentPostprocessing = 0;
		};
/* End PBXSourcesBuildPhase section */

/* Begin PBXTargetDependency section */
		C69687D61E05B9ED009D26E0 /* PBXTargetDependency */ = {
			isa = PBXTargetDependency;
			target = C69687BF1E05B9ED009D26E0 /* MyFlickrSearchApp */;
			targetProxy = C69687D51E05B9ED009D26E0 /* PBXContainerItemProxy */;
		};
		C6E418131E1583A8007591F4 /* PBXTargetDependency */ = {
			isa = PBXTargetDependency;
			target = C69687BF1E05B9ED009D26E0 /* MyFlickrSearchApp */;
			targetProxy = C6E418121E1583A8007591F4 /* PBXContainerItemProxy */;
		};
/* End PBXTargetDependency section */

/* Begin PBXVariantGroup section */
		C69687C71E05B9ED009D26E0 /* Main.storyboard */ = {
			isa = PBXVariantGroup;
			children = (
				C69687C81E05B9ED009D26E0 /* Base */,
			);
			name = Main.storyboard;
			sourceTree = "<group>";
		};
		C69687CC1E05B9ED009D26E0 /* LaunchScreen.storyboard */ = {
			isa = PBXVariantGroup;
			children = (
				C69687CD1E05B9ED009D26E0 /* Base */,
			);
			name = LaunchScreen.storyboard;
			sourceTree = "<group>";
		};
/* End PBXVariantGroup section */

/* Begin XCBuildConfiguration section */
		C69687DB1E05B9ED009D26E0 /* Debug */ = {
			isa = XCBuildConfiguration;
			buildSettings = {
				ALWAYS_SEARCH_USER_PATHS = NO;
				CLANG_ANALYZER_NONNULL = YES;
				CLANG_CXX_LANGUAGE_STANDARD = "gnu++0x";
				CLANG_CXX_LIBRARY = "libc++";
				CLANG_ENABLE_MODULES = YES;
				CLANG_ENABLE_OBJC_ARC = YES;
				CLANG_WARN_BOOL_CONVERSION = YES;
				CLANG_WARN_CONSTANT_CONVERSION = YES;
				CLANG_WARN_DIRECT_OBJC_ISA_USAGE = YES_ERROR;
				CLANG_WARN_DOCUMENTATION_COMMENTS = YES;
				CLANG_WARN_EMPTY_BODY = YES;
				CLANG_WARN_ENUM_CONVERSION = YES;
				CLANG_WARN_INFINITE_RECURSION = YES;
				CLANG_WARN_INT_CONVERSION = YES;
				CLANG_WARN_OBJC_ROOT_CLASS = YES_ERROR;
				CLANG_WARN_SUSPICIOUS_MOVE = YES;
				CLANG_WARN_SUSPICIOUS_MOVES = YES;
				CLANG_WARN_UNREACHABLE_CODE = YES;
				CLANG_WARN__DUPLICATE_METHOD_MATCH = YES;
				"CODE_SIGN_IDENTITY[sdk=iphoneos*]" = "iPhone Developer";
				COPY_PHASE_STRIP = NO;
				DEBUG_INFORMATION_FORMAT = dwarf;
				ENABLE_STRICT_OBJC_MSGSEND = YES;
				ENABLE_TESTABILITY = YES;
				GCC_C_LANGUAGE_STANDARD = gnu99;
				GCC_DYNAMIC_NO_PIC = NO;
				GCC_NO_COMMON_BLOCKS = YES;
				GCC_OPTIMIZATION_LEVEL = 0;
				GCC_PREPROCESSOR_DEFINITIONS = (
					"DEBUG=1",
					"$(inherited)",
				);
				GCC_WARN_64_TO_32_BIT_CONVERSION = YES;
				GCC_WARN_ABOUT_RETURN_TYPE = YES_ERROR;
				GCC_WARN_UNDECLARED_SELECTOR = YES;
				GCC_WARN_UNINITIALIZED_AUTOS = YES_AGGRESSIVE;
				GCC_WARN_UNUSED_FUNCTION = YES;
				GCC_WARN_UNUSED_VARIABLE = YES;
				IPHONEOS_DEPLOYMENT_TARGET = 10.1;
				MTL_ENABLE_DEBUG_INFO = YES;
				ONLY_ACTIVE_ARCH = YES;
				SDKROOT = iphoneos;
				SWIFT_ACTIVE_COMPILATION_CONDITIONS = DEBUG;
				SWIFT_OPTIMIZATION_LEVEL = "-Onone";
			};
			name = Debug;
		};
		C69687DC1E05B9ED009D26E0 /* Release */ = {
			isa = XCBuildConfiguration;
			buildSettings = {
				ALWAYS_SEARCH_USER_PATHS = NO;
				CLANG_ANALYZER_NONNULL = YES;
				CLANG_CXX_LANGUAGE_STANDARD = "gnu++0x";
				CLANG_CXX_LIBRARY = "libc++";
				CLANG_ENABLE_MODULES = YES;
				CLANG_ENABLE_OBJC_ARC = YES;
				CLANG_WARN_BOOL_CONVERSION = YES;
				CLANG_WARN_CONSTANT_CONVERSION = YES;
				CLANG_WARN_DIRECT_OBJC_ISA_USAGE = YES_ERROR;
				CLANG_WARN_DOCUMENTATION_COMMENTS = YES;
				CLANG_WARN_EMPTY_BODY = YES;
				CLANG_WARN_ENUM_CONVERSION = YES;
				CLANG_WARN_INFINITE_RECURSION = YES;
				CLANG_WARN_INT_CONVERSION = YES;
				CLANG_WARN_OBJC_ROOT_CLASS = YES_ERROR;
				CLANG_WARN_SUSPICIOUS_MOVE = YES;
				CLANG_WARN_SUSPICIOUS_MOVES = YES;
				CLANG_WARN_UNREACHABLE_CODE = YES;
				CLANG_WARN__DUPLICATE_METHOD_MATCH = YES;
				"CODE_SIGN_IDENTITY[sdk=iphoneos*]" = "iPhone Developer";
				COPY_PHASE_STRIP = NO;
				DEBUG_INFORMATION_FORMAT = "dwarf-with-dsym";
				ENABLE_NS_ASSERTIONS = NO;
				ENABLE_STRICT_OBJC_MSGSEND = YES;
				GCC_C_LANGUAGE_STANDARD = gnu99;
				GCC_NO_COMMON_BLOCKS = YES;
				GCC_WARN_64_TO_32_BIT_CONVERSION = YES;
				GCC_WARN_ABOUT_RETURN_TYPE = YES_ERROR;
				GCC_WARN_UNDECLARED_SELECTOR = YES;
				GCC_WARN_UNINITIALIZED_AUTOS = YES_AGGRESSIVE;
				GCC_WARN_UNUSED_FUNCTION = YES;
				GCC_WARN_UNUSED_VARIABLE = YES;
				IPHONEOS_DEPLOYMENT_TARGET = 10.1;
				MTL_ENABLE_DEBUG_INFO = NO;
				SDKROOT = iphoneos;
				SWIFT_OPTIMIZATION_LEVEL = "-Owholemodule";
				VALIDATE_PRODUCT = YES;
			};
			name = Release;
		};
		C69687DE1E05B9ED009D26E0 /* Debug */ = {
			isa = XCBuildConfiguration;
			buildSettings = {
				ASSETCATALOG_COMPILER_APPICON_NAME = AppIcon;
				DEVELOPMENT_TEAM = 29TU8747Z4;
				INFOPLIST_FILE = MyFlickrSearchApp/Info.plist;
				LD_RUNPATH_SEARCH_PATHS = "$(inherited) @executable_path/Frameworks";
				PRODUCT_BUNDLE_IDENTIFIER = home.MyFlickrSearchApp;
				PRODUCT_NAME = "$(TARGET_NAME)";
				SWIFT_VERSION = 3.0;
			};
			name = Debug;
		};
		C69687DF1E05B9ED009D26E0 /* Release */ = {
			isa = XCBuildConfiguration;
			buildSettings = {
				ASSETCATALOG_COMPILER_APPICON_NAME = AppIcon;
				DEVELOPMENT_TEAM = 29TU8747Z4;
				INFOPLIST_FILE = MyFlickrSearchApp/Info.plist;
				LD_RUNPATH_SEARCH_PATHS = "$(inherited) @executable_path/Frameworks";
				PRODUCT_BUNDLE_IDENTIFIER = home.MyFlickrSearchApp;
				PRODUCT_NAME = "$(TARGET_NAME)";
				SWIFT_VERSION = 3.0;
			};
			name = Release;
		};
		C69687E11E05B9ED009D26E0 /* Debug */ = {
			isa = XCBuildConfiguration;
			buildSettings = {
				ALWAYS_EMBED_SWIFT_STANDARD_LIBRARIES = YES;
				BUNDLE_LOADER = "$(TEST_HOST)";
				DEVELOPMENT_TEAM = 29TU8747Z4;
				INFOPLIST_FILE = MyFlickrSearchAppTests/Info.plist;
				LD_RUNPATH_SEARCH_PATHS = "$(inherited) @executable_path/Frameworks @loader_path/Frameworks";
				PRODUCT_BUNDLE_IDENTIFIER = home.MyFlickrSearchAppTests;
				PRODUCT_NAME = "$(TARGET_NAME)";
				SWIFT_VERSION = 3.0;
				TEST_HOST = "$(BUILT_PRODUCTS_DIR)/MyFlickrSearchApp.app/MyFlickrSearchApp";
			};
			name = Debug;
		};
		C69687E21E05B9ED009D26E0 /* Release */ = {
			isa = XCBuildConfiguration;
			buildSettings = {
				ALWAYS_EMBED_SWIFT_STANDARD_LIBRARIES = YES;
				BUNDLE_LOADER = "$(TEST_HOST)";
				DEVELOPMENT_TEAM = 29TU8747Z4;
				INFOPLIST_FILE = MyFlickrSearchAppTests/Info.plist;
				LD_RUNPATH_SEARCH_PATHS = "$(inherited) @executable_path/Frameworks @loader_path/Frameworks";
				PRODUCT_BUNDLE_IDENTIFIER = home.MyFlickrSearchAppTests;
				PRODUCT_NAME = "$(TARGET_NAME)";
				SWIFT_VERSION = 3.0;
				TEST_HOST = "$(BUILT_PRODUCTS_DIR)/MyFlickrSearchApp.app/MyFlickrSearchApp";
			};
			name = Release;
		};
		C6E418151E1583A8007591F4 /* Debug */ = {
			isa = XCBuildConfiguration;
			buildSettings = {
				"CODE_SIGN_IDENTITY[sdk=iphoneos*]" = "iPhone Developer";
				DEVELOPMENT_TEAM = 29TU8747Z4;
				INFOPLIST_FILE = MyFlickrSearchAppUITests/Info.plist;
				IPHONEOS_DEPLOYMENT_TARGET = 10.2;
				LD_RUNPATH_SEARCH_PATHS = "$(inherited) @executable_path/Frameworks @loader_path/Frameworks";
				PRODUCT_BUNDLE_IDENTIFIER = home.MyFlickrSearchAppUITests;
				PRODUCT_NAME = "$(TARGET_NAME)";
				PROVISIONING_PROFILE_SPECIFIER = "";
				SWIFT_VERSION = 3.0;
				TEST_TARGET_NAME = MyFlickrSearchApp;
			};
			name = Debug;
		};
		C6E418161E1583A8007591F4 /* Release */ = {
			isa = XCBuildConfiguration;
			buildSettings = {
				"CODE_SIGN_IDENTITY[sdk=iphoneos*]" = "iPhone Developer";
				DEVELOPMENT_TEAM = 29TU8747Z4;
				INFOPLIST_FILE = MyFlickrSearchAppUITests/Info.plist;
				IPHONEOS_DEPLOYMENT_TARGET = 10.2;
				LD_RUNPATH_SEARCH_PATHS = "$(inherited) @executable_path/Frameworks @loader_path/Frameworks";
				PRODUCT_BUNDLE_IDENTIFIER = home.MyFlickrSearchAppUITests;
				PRODUCT_NAME = "$(TARGET_NAME)";
				PROVISIONING_PROFILE_SPECIFIER = "";
				SWIFT_VERSION = 3.0;
				TEST_TARGET_NAME = MyFlickrSearchApp;
			};
			name = Release;
		};
/* End XCBuildConfiguration section */

/* Begin XCConfigurationList section */
		C69687BB1E05B9ED009D26E0 /* Build configuration list for PBXProject "MyFlickrSearchApp" */ = {
			isa = XCConfigurationList;
			buildConfigurations = (
				C69687DB1E05B9ED009D26E0 /* Debug */,
				C69687DC1E05B9ED009D26E0 /* Release */,
			);
			defaultConfigurationIsVisible = 0;
			defaultConfigurationName = Release;
		};
		C69687DD1E05B9ED009D26E0 /* Build configuration list for PBXNativeTarget "MyFlickrSearchApp" */ = {
			isa = XCConfigurationList;
			buildConfigurations = (
				C69687DE1E05B9ED009D26E0 /* Debug */,
				C69687DF1E05B9ED009D26E0 /* Release */,
			);
			defaultConfigurationIsVisible = 0;
			defaultConfigurationName = Release;
		};
		C69687E01E05B9ED009D26E0 /* Build configuration list for PBXNativeTarget "MyFlickrSearchAppTests" */ = {
			isa = XCConfigurationList;
			buildConfigurations = (
				C69687E11E05B9ED009D26E0 /* Debug */,
				C69687E21E05B9ED009D26E0 /* Release */,
			);
			defaultConfigurationIsVisible = 0;
			defaultConfigurationName = Release;
		};
		C6E418141E1583A8007591F4 /* Build configuration list for PBXNativeTarget "MyFlickrSearchAppUITests" */ = {
			isa = XCConfigurationList;
			buildConfigurations = (
				C6E418151E1583A8007591F4 /* Debug */,
				C6E418161E1583A8007591F4 /* Release */,
			);
			defaultConfigurationIsVisible = 0;
			defaultConfigurationName = Release;
		};
/* End XCConfigurationList section */
	};
	rootObject = C69687B81E05B9ED009D26E0 /* Project object */;
}
